{
  "name": "hyper",
  "version": "1.3.3",
  "lockfileVersion": 1,
  "dependencies": {
    "ansi-regex": {
      "version": "2.1.1",
      "resolved": "https://registry.npmjs.org/ansi-regex/-/ansi-regex-2.1.1.tgz",
      "integrity": "sha1-w7M6te42DYbg5ijwRorn7yfWVN8="
    },
    "balanced-match": {
      "version": "1.0.0",
      "resolved": "https://registry.npmjs.org/balanced-match/-/balanced-match-1.0.0.tgz",
      "integrity": "sha1-ibTRmasr7kneFk6gK4nORi1xt2c="
    },
    "brace-expansion": {
      "version": "1.1.8",
      "resolved": "https://registry.npmjs.org/brace-expansion/-/brace-expansion-1.1.8.tgz",
      "integrity": "sha1-wHshHHyVLsH479Uad+8NHTmQopI="
    },
    "clone": {
      "version": "1.0.2",
      "resolved": "https://registry.npmjs.org/clone/-/clone-1.0.2.tgz",
      "integrity": "sha1-Jgt6meux7f4kdTgXX3gyQ8sZ0Uk="
    },
    "color": {
      "version": "0.11.3",
      "resolved": "https://registry.npmjs.org/color/-/color-0.11.3.tgz",
      "integrity": "sha1-S60dDVJJndANvW8IaEQkZ+STlOY="
    },
    "color-convert": {
      "version": "1.9.0",
      "resolved": "https://registry.npmjs.org/color-convert/-/color-convert-1.9.0.tgz",
      "integrity": "sha1-Gsz5fdc5uYO/mU1W/sj5WFNkG3o="
    },
    "color-name": {
      "version": "1.1.2",
      "resolved": "https://registry.npmjs.org/color-name/-/color-name-1.1.2.tgz",
      "integrity": "sha1-XIq3K2S9IhXWF66VWeuxSEdc+Y0="
    },
    "color-string": {
      "version": "0.3.0",
      "resolved": "https://registry.npmjs.org/color-string/-/color-string-0.3.0.tgz",
      "integrity": "sha1-J9RvtnAlxcL6JZk7+/V55HhBuZE="
    },
    "concat-map": {
      "version": "0.0.1",
      "resolved": "https://registry.npmjs.org/concat-map/-/concat-map-0.0.1.tgz",
      "integrity": "sha1-2Klr13/Wjfd5OnMDajug1UBdR3s="
    },
    "conf": {
      "version": "0.11.2",
      "resolved": "https://registry.npmjs.org/conf/-/conf-0.11.2.tgz",
      "integrity": "sha1-h59HkmdgBIPlAlg0YspAY/yXebI="
    },
    "convert-css-color-name-to-hex": {
      "version": "0.1.1",
      "resolved": "https://registry.npmjs.org/convert-css-color-name-to-hex/-/convert-css-color-name-to-hex-0.1.1.tgz",
      "integrity": "sha1-OKxNJ8pHBZP9ZjsYoHKjCJJqNaI="
    },
    "cross-spawn-async": {
      "version": "2.2.5",
      "resolved": "https://registry.npmjs.org/cross-spawn-async/-/cross-spawn-async-2.2.5.tgz",
      "integrity": "sha1-hF/wwINKPe2dFg2sptOQkGuyiMw="
    },
    "css-color-names": {
      "version": "0.0.3",
      "resolved": "https://registry.npmjs.org/css-color-names/-/css-color-names-0.0.3.tgz",
      "integrity": "sha1-3gzvFvTYqoIioyDVttfpu62nufY="
    },
    "debug": {
      "version": "2.6.8",
      "resolved": "https://registry.npmjs.org/debug/-/debug-2.6.8.tgz",
      "integrity": "sha1-5zFTHKLt4n0YgiJCfaF4IdaP9Pw=",
      "dependencies": {
        "ms": {
          "version": "2.0.0",
          "resolved": "https://registry.npmjs.org/ms/-/ms-2.0.0.tgz",
          "integrity": "sha1-VgiurfwAvmwpAd9fmGF4jeDVl8g="
        }
      }
    },
    "default-shell": {
      "version": "1.0.1",
      "resolved": "https://registry.npmjs.org/default-shell/-/default-shell-1.0.1.tgz",
      "integrity": "sha1-dSMEvdxhdPSespy5iP7qC4gTyLw="
    },
    "dot-prop": {
      "version": "3.0.0",
      "resolved": "https://registry.npmjs.org/dot-prop/-/dot-prop-3.0.0.tgz",
      "integrity": "sha1-G3CK8JSknJoOfbyteQq6U52sEXc="
    },
    "electron-config": {
      "version": "0.2.1",
      "resolved": "https://registry.npmjs.org/electron-config/-/electron-config-0.2.1.tgz",
      "integrity": "sha1-fhLCZBLQa/PtOJbQR53xYphrlbo="
    },
    "electron-is-dev": {
      "version": "0.1.1",
      "resolved": "https://registry.npmjs.org/electron-is-dev/-/electron-is-dev-0.1.1.tgz",
      "integrity": "sha1-YWPCm8NNSBis+Ah9PbPgSJXBP/g="
    },
    "electron-squirrel-startup": {
      "version": "1.0.0",
      "resolved": "https://registry.npmjs.org/electron-squirrel-startup/-/electron-squirrel-startup-1.0.0.tgz",
      "integrity": "sha1-GbTlWTP6Dvj1VnhLnGYPdyVGoLg="
    },
    "encoding": {
      "version": "0.1.12",
      "resolved": "https://registry.npmjs.org/encoding/-/encoding-0.1.12.tgz",
      "integrity": "sha1-U4tm8+5izRq1HsMjgp0flIDHS+s="
    },
    "env-paths": {
      "version": "0.3.1",
      "resolved": "https://registry.npmjs.org/env-paths/-/env-paths-0.3.1.tgz",
      "integrity": "sha1-wwzPy8MMiQlD3AioVYJRfvANpGM="
    },
    "execa": {
      "version": "0.4.0",
      "resolved": "https://registry.npmjs.org/execa/-/execa-0.4.0.tgz",
      "integrity": "sha1-TrZGejaglfq7KXD/nV4/t7zm68M="
    },
    "file-uri-to-path": {
      "version": "0.0.2",
      "resolved": "https://registry.npmjs.org/file-uri-to-path/-/file-uri-to-path-0.0.2.tgz",
      "integrity": "sha1-N83RtbkFQEs/BeGyNkW+aU/3D4I="
    },
    "find-up": {
      "version": "1.1.2",
      "resolved": "https://registry.npmjs.org/find-up/-/find-up-1.1.2.tgz",
      "integrity": "sha1-ay6YIrGizgpgq2TWEOzK1TyyTQ8="
    },
    "fs.realpath": {
      "version": "1.0.0",
      "resolved": "https://registry.npmjs.org/fs.realpath/-/fs.realpath-1.0.0.tgz",
      "integrity": "sha1-FQStJSMVjKpA20onh8sBQRmU6k8="
    },
    "gaze": {
      "version": "1.1.2",
      "resolved": "https://registry.npmjs.org/gaze/-/gaze-1.1.2.tgz",
      "integrity": "sha1-hHIkZ3rbiHDWeSV+0ziP22HkAQU="
    },
    "git-describe": {
      "version": "3.0.2",
      "resolved": "https://registry.npmjs.org/git-describe/-/git-describe-3.0.2.tgz",
      "integrity": "sha1-Hl6ar0ubCYgAKcimLY8dIZBID2c="
    },
    "glob": {
      "version": "7.1.2",
      "resolved": "https://registry.npmjs.org/glob/-/glob-7.1.2.tgz",
      "integrity": "sha512-MJTUg1kjuLeQCJ+ccE4Vpa6kKVXkPYJ2mOCQyUuKLcLQsdrMCpBPUi8qVE6+YuaJkozeA9NusTAw3hLr8Xe5EQ=="
    },
    "globule": {
      "version": "1.2.0",
      "resolved": "https://registry.npmjs.org/globule/-/globule-1.2.0.tgz",
      "integrity": "sha1-HcScaCLdnoovoAuiopUAboZkvQk="
    },
    "iconv-lite": {
      "version": "0.4.18",
      "resolved": "https://registry.npmjs.org/iconv-lite/-/iconv-lite-0.4.18.tgz",
      "integrity": "sha512-sr1ZQph3UwHTR0XftSbK85OvBbxe/abLGzEnPENCQwmHf7sck8Oyu4ob3LgBxWWxRoM+QszeUyl7jbqapu2TqA=="
    },
    "inflight": {
      "version": "1.0.6",
      "resolved": "https://registry.npmjs.org/inflight/-/inflight-1.0.6.tgz",
      "integrity": "sha1-Sb1jMdfQLQwJvJEKEHW6gWW1bfk="
    },
    "inherits": {
      "version": "2.0.3",
      "resolved": "https://registry.npmjs.org/inherits/-/inherits-2.0.3.tgz",
      "integrity": "sha1-Yzwsg+PaQqUC9SRmAiSA9CCCYd4="
    },
    "is-css-color-name": {
      "version": "0.1.3",
      "resolved": "https://registry.npmjs.org/is-css-color-name/-/is-css-color-name-0.1.3.tgz",
      "integrity": "sha1-6jtRvJAdiiQ9Msm3hz0GgNu+9/E=",
      "dependencies": {
        "css-color-names": {
          "version": "0.0.2",
          "resolved": "https://registry.npmjs.org/css-color-names/-/css-color-names-0.0.2.tgz",
          "integrity": "sha1-+6GOjP+GV5Vy10nBRsR+6D8OqVU="
        }
      }
    },
    "is-obj": {
      "version": "1.0.1",
      "resolved": "https://registry.npmjs.org/is-obj/-/is-obj-1.0.1.tgz",
      "integrity": "sha1-PkcprB9f3gJc19g6iW2rn09n2w8="
    },
    "is-stream": {
      "version": "1.1.0",
      "resolved": "https://registry.npmjs.org/is-stream/-/is-stream-1.1.0.tgz",
      "integrity": "sha1-EtSj3U5o4Lec6428hBc66A2RykQ="
    },
    "isexe": {
      "version": "2.0.0",
      "resolved": "https://registry.npmjs.org/isexe/-/isexe-2.0.0.tgz",
      "integrity": "sha1-6PvzdNxVb/iUehDcsFctYz8s+hA="
    },
    "lodash": {
      "version": "4.17.4",
      "resolved": "https://registry.npmjs.org/lodash/-/lodash-4.17.4.tgz",
      "integrity": "sha1-eCA6TRwyiuHYbcpkYONptX9AVa4="
    },
    "lru-cache": {
      "version": "4.1.1",
      "resolved": "https://registry.npmjs.org/lru-cache/-/lru-cache-4.1.1.tgz",
      "integrity": "sha512-q4spe4KTfsAS1SUHLO0wz8Qiyf1+vMIAgpRYioFYDMNqKfHQbg+AVDH3i4fvpl71/P1L0dBl+fQi+P37UYf0ew=="
    },
    "minimatch": {
      "version": "3.0.4",
      "resolved": "https://registry.npmjs.org/minimatch/-/minimatch-3.0.4.tgz",
      "integrity": "sha512-yJHVQEhyqPLUTgt9B83PXu6W3rx4MvvHvSUvToogpwoGDOUQ+yDrR0HRot+yOCdCO7u4hX3pWft6kWBBcqh0UA=="
    },
    "minimist": {
      "version": "0.0.8",
      "resolved": "https://registry.npmjs.org/minimist/-/minimist-0.0.8.tgz",
      "integrity": "sha1-hX/Kv8M5fSYluCKCYuhqp6ARsF0="
    },
    "mkdirp": {
      "version": "0.5.1",
      "resolved": "https://registry.npmjs.org/mkdirp/-/mkdirp-0.5.1.tgz",
      "integrity": "sha1-MAV0OOrGz3+MR2fzhkjWaX11yQM="
    },
    "ms": {
      "version": "0.7.1",
      "resolved": "https://registry.npmjs.org/ms/-/ms-0.7.1.tgz",
      "integrity": "sha1-nNE8A62/8ltl7/3nzoZO6VIBcJg="
    },
    "nan": {
      "version": "2.5.0",
      "resolved": "https://registry.npmjs.org/nan/-/nan-2.5.0.tgz",
      "integrity": "sha1-qo8eNFMdgH6eJ3VbI0tKbsDBUqg="
    },
    "node-fetch": {
      "version": "1.6.3",
      "resolved": "https://registry.npmjs.org/node-fetch/-/node-fetch-1.6.3.tgz",
      "integrity": "sha1-3CNO3WSJmC1Y6PDbT2lQKavNjAQ="
    },
    "node-pty": {
      "version": "0.6.6",
      "resolved": "https://registry.npmjs.org/node-pty/-/node-pty-0.6.6.tgz",
      "integrity": "sha1-f1BxSPkXqoCacUwoZNmPDm06/NY="
    },
    "npm-run-path": {
      "version": "1.0.0",
      "resolved": "https://registry.npmjs.org/npm-run-path/-/npm-run-path-1.0.0.tgz",
      "integrity": "sha1-9cMr9ZX+ga6Sfa7FLoL4sACsPI8="
    },
    "object-assign": {
      "version": "4.1.1",
      "resolved": "https://registry.npmjs.org/object-assign/-/object-assign-4.1.1.tgz",
      "integrity": "sha1-IQmtx5ZYh8/AXLvUQsrIv7s2CGM="
    },
    "once": {
      "version": "1.4.0",
      "resolved": "https://registry.npmjs.org/once/-/once-1.4.0.tgz",
      "integrity": "sha1-WDsap3WWHUsROsF9nFC6753Xa9E="
    },
    "path-exists": {
      "version": "2.1.0",
      "resolved": "https://registry.npmjs.org/path-exists/-/path-exists-2.1.0.tgz",
      "integrity": "sha1-D+tsZPD8UY2adU3V77YscCJ2H0s="
    },
    "path-is-absolute": {
      "version": "1.0.1",
      "resolved": "https://registry.npmjs.org/path-is-absolute/-/path-is-absolute-1.0.1.tgz",
      "integrity": "sha1-F0uSaHNVNP+8es5r9TpanhtcX18="
    },
    "path-key": {
      "version": "1.0.0",
      "resolved": "https://registry.npmjs.org/path-key/-/path-key-1.0.0.tgz",
      "integrity": "sha1-XVPVeAGWRsDWiADbThRua9wqx68="
    },
    "pinkie": {
      "version": "2.0.4",
      "resolved": "https://registry.npmjs.org/pinkie/-/pinkie-2.0.4.tgz",
      "integrity": "sha1-clVrgM+g1IqXToDnckjoDtT3+HA="
    },
    "pinkie-promise": {
      "version": "2.0.1",
      "resolved": "https://registry.npmjs.org/pinkie-promise/-/pinkie-promise-2.0.1.tgz",
      "integrity": "sha1-ITXW36ejWMBprJsXh3YogihFD/o="
    },
    "pkg-up": {
      "version": "1.0.0",
      "resolved": "https://registry.npmjs.org/pkg-up/-/pkg-up-1.0.0.tgz",
      "integrity": "sha1-Pgj7RhUlxEIWJKM7n35tCvWwWiY="
    },
    "pseudomap": {
      "version": "1.0.2",
      "resolved": "https://registry.npmjs.org/pseudomap/-/pseudomap-1.0.2.tgz",
      "integrity": "sha1-8FKijacOYYkX7wqKw0wa5aaChrM="
    },
    "semver": {
      "version": "5.3.0",
      "resolved": "https://registry.npmjs.org/semver/-/semver-5.3.0.tgz",
      "integrity": "sha1-myzl094C0XxgEq0yaqa00M9U+U8="
    },
    "shell-env": {
      "version": "0.2.0",
      "resolved": "https://registry.npmjs.org/shell-env/-/shell-env-0.2.0.tgz",
      "integrity": "sha1-qE9uoTLpVYffhe12pNv7jQesRk8="
    },
    "strip-ansi": {
      "version": "3.0.1",
      "resolved": "https://registry.npmjs.org/strip-ansi/-/strip-ansi-3.0.1.tgz",
      "integrity": "sha1-ajhfuIU9lS1f8F0Oiq+UJ43GPc8="
    },
    "strip-eof": {
      "version": "1.0.0",
      "resolved": "https://registry.npmjs.org/strip-eof/-/strip-eof-1.0.0.tgz",
      "integrity": "sha1-u0P/VZim6wXYm1n80SnJgzE2Br8="
    },
    "uuid": {
      "version": "3.0.0",
      "resolved": "https://registry.npmjs.org/uuid/-/uuid-3.0.0.tgz",
      "integrity": "sha1-Zyj8BFnEUNeWqZwxg3VpvfZy1yg="
    },
    "which": {
      "version": "1.2.14",
      "resolved": "https://registry.npmjs.org/which/-/which-1.2.14.tgz",
      "integrity": "sha1-mofEN48D6CfOyvGs31bHNsAcFOU="
    },
    "winreg": {
      "version": "1.2.2",
      "resolved": "https://registry.npmjs.org/winreg/-/winreg-1.2.2.tgz",
      "integrity": "sha1-hQmvo7ccW70RCm18YkfsZ3NsWY8="
    },
    "wrappy": {
      "version": "1.0.2",
      "resolved": "https://registry.npmjs.org/wrappy/-/wrappy-1.0.2.tgz",
      "integrity": "sha1-tSQ9jz7BqjXxNkYFvA0QNuMKtp8="
    },
    "yallist": {
      "version": "2.1.2",
      "resolved": "https://registry.npmjs.org/yallist/-/yallist-2.1.2.tgz",
      "integrity": "sha1-HBH5IY8HYImkfdUS+TxmmaaoHVI="
    }
  }
}
