# THIS IS AN AUTOGENERATED FILE. DO NOT EDIT THIS FILE DIRECTLY.
# yarn lockfile v1


ansi-regex@^2.0.0:
  version "2.0.0"
  resolved "https://registry.yarnpkg.com/ansi-regex/-/ansi-regex-2.0.0.tgz#c5061b6e0ef8a81775e50f5d66151bf6bf371107"

balanced-match@^0.4.1:
  version "0.4.2"
  resolved "https://registry.yarnpkg.com/balanced-match/-/balanced-match-0.4.2.tgz#cb3f3e3c732dc0f01ee70b403f302e61d7709838"

brace-expansion@^1.0.0:
  version "1.1.6"
  resolved "https://registry.yarnpkg.com/brace-expansion/-/brace-expansion-1.1.6.tgz#7197d7eaa9b87e648390ea61fc66c84427420df9"
  dependencies:
    balanced-match "^0.4.1"
    concat-map "0.0.1"

clone@^1.0.2:
  version "1.0.2"
  resolved "https://registry.yarnpkg.com/clone/-/clone-1.0.2.tgz#260b7a99ebb1edfe247538175f783243cb19d149"

color-convert@^1.3.0:
  version "1.8.2"
  resolved "https://registry.yarnpkg.com/color-convert/-/color-convert-1.8.2.tgz#be868184d7c8631766d54e7078e2672d7c7e3339"
  dependencies:
    color-name "^1.1.1"

color-name@^1.0.0, color-name@^1.1.1:
  version "1.1.1"
  resolved "https://registry.yarnpkg.com/color-name/-/color-name-1.1.1.tgz#4b1415304cf50028ea81643643bd82ea05803689"

color-string@^0.3.0:
  version "0.3.0"
  resolved "https://registry.yarnpkg.com/color-string/-/color-string-0.3.0.tgz#27d46fb67025c5c2fa25993bfbf579e47841b991"
  dependencies:
    color-name "^1.0.0"

color@0.11.3:
  version "0.11.3"
  resolved "https://registry.yarnpkg.com/color/-/color-0.11.3.tgz#4bad1d0d52499dd00dbd6f0868442467e49394e6"
  dependencies:
    clone "^1.0.2"
    color-convert "^1.3.0"
    color-string "^0.3.0"

concat-map@0.0.1:
  version "0.0.1"
  resolved "https://registry.yarnpkg.com/concat-map/-/concat-map-0.0.1.tgz#d8a96bd77fd68df7793a73036a3ba0d5405d477b"

conf@^0.11.1:
  version "0.11.2"
  resolved "https://registry.yarnpkg.com/conf/-/conf-0.11.2.tgz#879f479267600483e502583462ca4063fc9779b2"
  dependencies:
    dot-prop "^3.0.0"
    env-paths "^0.3.0"
    mkdirp "^0.5.1"
    pkg-up "^1.0.0"

convert-css-color-name-to-hex@0.1.1:
  version "0.1.1"
  resolved "https://registry.yarnpkg.com/convert-css-color-name-to-hex/-/convert-css-color-name-to-hex-0.1.1.tgz#38ac4d27ca470593fd663b18a072a308926a35a2"
  dependencies:
    css-color-names "0.0.3"
    is-css-color-name "^0.1.1"

cross-spawn-async@^2.1.1:
  version "2.2.5"
  resolved "https://registry.yarnpkg.com/cross-spawn-async/-/cross-spawn-async-2.2.5.tgz#845ff0c0834a3ded9d160daca6d390906bb288cc"
  dependencies:
    lru-cache "^4.0.0"
    which "^1.2.8"

css-color-names@0.0.2:
  version "0.0.2"
  resolved "https://registry.yarnpkg.com/css-color-names/-/css-color-names-0.0.2.tgz#fba18e8cff86579572d749c146c47ee83f0ea955"

css-color-names@0.0.3:
  version "0.0.3"
  resolved "https://registry.yarnpkg.com/css-color-names/-/css-color-names-0.0.3.tgz#de0cef16f4d8aa8222a320d5b6d7e9bbada7b9f6"

debug@^2.2.0:
  version "2.6.0"
  resolved "https://registry.yarnpkg.com/debug/-/debug-2.6.0.tgz#bc596bcabe7617f11d9fa15361eded5608b8499b"
  dependencies:
    ms "0.7.2"

default-shell@1.0.1, default-shell@^1.0.0:
  version "1.0.1"
  resolved "https://registry.yarnpkg.com/default-shell/-/default-shell-1.0.1.tgz#752304bddc6174f49eb29cb988feea0b8813c8bc"

dot-prop@^3.0.0:
  version "3.0.0"
  resolved "https://registry.yarnpkg.com/dot-prop/-/dot-prop-3.0.0.tgz#1b708af094a49c9a0e7dbcad790aba539dac1177"
  dependencies:
    is-obj "^1.0.0"

electron-config@0.2.1:
  version "0.2.1"
  resolved "https://registry.yarnpkg.com/electron-config/-/electron-config-0.2.1.tgz#7e12c26412d06bf3ed3896d0479df162986b95ba"
  dependencies:
    conf "^0.11.1"

electron-is-dev@0.1.1:
  version "0.1.1"
  resolved "https://registry.yarnpkg.com/electron-is-dev/-/electron-is-dev-0.1.1.tgz#6163c29bc34d4818acf8087d3db3e04895c13ff8"

electron-squirrel-startup@1.0.0:
  version "1.0.0"
  resolved "https://registry.yarnpkg.com/electron-squirrel-startup/-/electron-squirrel-startup-1.0.0.tgz#19b4e55933fa0ef8f556784b9c660f772546a0b8"
  dependencies:
    debug "^2.2.0"

encoding@^0.1.11:
  version "0.1.12"
  resolved "https://registry.yarnpkg.com/encoding/-/encoding-0.1.12.tgz#538b66f3ee62cd1ab51ec323829d1f9480c74beb"
  dependencies:
    iconv-lite "~0.4.13"

env-paths@^0.3.0:
  version "0.3.1"
  resolved "https://registry.yarnpkg.com/env-paths/-/env-paths-0.3.1.tgz#c30ccfcbc30c890943dc08a85582517ef00da463"

execa@^0.4.0:
  version "0.4.0"
  resolved "https://registry.yarnpkg.com/execa/-/execa-0.4.0.tgz#4eb6467a36a095fabb2970ff9d5e3fb7bce6ebc3"
  dependencies:
    cross-spawn-async "^2.1.1"
    is-stream "^1.1.0"
    npm-run-path "^1.0.0"
    object-assign "^4.0.1"
    path-key "^1.0.0"
    strip-eof "^1.0.0"

extend@~1.2.1:
  version "1.2.1"
  resolved "https://registry.yarnpkg.com/extend/-/extend-1.2.1.tgz#a0f5fd6cfc83a5fe49ef698d60ec8a624dd4576c"

file-uri-to-path@0.0.2:
  version "0.0.2"
  resolved "https://registry.yarnpkg.com/file-uri-to-path/-/file-uri-to-path-0.0.2.tgz#37cdd1b5b905404b3f05e1b23645be694ff70f82"

find-up@^1.0.0:
  version "1.1.2"
  resolved "https://registry.yarnpkg.com/find-up/-/find-up-1.1.2.tgz#6b2e9822b1a2ce0a60ab64d610eccad53cb24d0f"
  dependencies:
    path-exists "^2.0.0"
    pinkie-promise "^2.0.0"

fs.realpath@^1.0.0:
  version "1.0.0"
  resolved "https://registry.yarnpkg.com/fs.realpath/-/fs.realpath-1.0.0.tgz#1504ad2523158caa40db4a2787cb01411994ea4f"

gaze@1.1.2:
  version "1.1.2"
  resolved "https://registry.yarnpkg.com/gaze/-/gaze-1.1.2.tgz#847224677adb8870d679257ed3388fdb61e40105"
  dependencies:
    globule "^1.0.0"

git-describe@3.0.2:
  version "3.0.2"
  resolved "https://registry.yarnpkg.com/git-describe/-/git-describe-3.0.2.tgz#1e5e9aaf4b9b09880029c8a62d8f1d2190480f67"
  dependencies:
    lodash "^4.13.1"
    semver "^5.2.0"

glob@~7.1.1:
  version "7.1.1"
  resolved "https://registry.yarnpkg.com/glob/-/glob-7.1.1.tgz#805211df04faaf1c63a3600306cdf5ade50b2ec8"
  dependencies:
    fs.realpath "^1.0.0"
    inflight "^1.0.4"
    inherits "2"
    minimatch "^3.0.2"
    once "^1.3.0"
    path-is-absolute "^1.0.0"

globule@^1.0.0:
  version "1.1.0"
  resolved "https://registry.yarnpkg.com/globule/-/globule-1.1.0.tgz#c49352e4dc183d85893ee825385eb994bb6df45f"
  dependencies:
    glob "~7.1.1"
    lodash "~4.16.4"
    minimatch "~3.0.2"

iconv-lite@~0.4.13:
  version "0.4.15"
  resolved "https://registry.yarnpkg.com/iconv-lite/-/iconv-lite-0.4.15.tgz#fe265a218ac6a57cfe854927e9d04c19825eddeb"

inflight@^1.0.4:
  version "1.0.6"
  resolved "https://registry.yarnpkg.com/inflight/-/inflight-1.0.6.tgz#49bd6331d7d02d0c09bc910a1075ba8165b56df9"
  dependencies:
    once "^1.3.0"
    wrappy "1"

inherits@2:
  version "2.0.3"
  resolved "https://registry.yarnpkg.com/inherits/-/inherits-2.0.3.tgz#633c2c83e3da42a502f52466022480f4208261de"

is-css-color-name@^0.1.1:
  version "0.1.3"
  resolved "https://registry.yarnpkg.com/is-css-color-name/-/is-css-color-name-0.1.3.tgz#ea3b51bc901d8a243d32c9b7873d0680dbbef7f1"
  dependencies:
    css-color-names "0.0.2"

is-obj@^1.0.0:
  version "1.0.1"
  resolved "https://registry.yarnpkg.com/is-obj/-/is-obj-1.0.1.tgz#3e4729ac1f5fde025cd7d83a896dab9f4f67db0f"

is-stream@^1.0.1, is-stream@^1.1.0:
  version "1.1.0"
  resolved "https://registry.yarnpkg.com/is-stream/-/is-stream-1.1.0.tgz#12d4a3dd4e68e0b79ceb8dbc84173ae80d91ca44"

isexe@^1.1.1:
  version "1.1.2"
  resolved "https://registry.yarnpkg.com/isexe/-/isexe-1.1.2.tgz#36f3e22e60750920f5e7241a476a8c6a42275ad0"

lodash@^4.13.1:
  version "4.17.4"
  resolved "https://registry.yarnpkg.com/lodash/-/lodash-4.17.4.tgz#78203a4d1c328ae1d86dca6460e369b57f4055ae"

lodash@~4.16.4:
  version "4.16.6"
  resolved "https://registry.yarnpkg.com/lodash/-/lodash-4.16.6.tgz#d22c9ac660288f3843e16ba7d2b5d06cca27d777"

lru-cache@^4.0.0:
  version "4.0.2"
  resolved "https://registry.yarnpkg.com/lru-cache/-/lru-cache-4.0.2.tgz#1d17679c069cda5d040991a09dbc2c0db377e55e"
  dependencies:
    pseudomap "^1.0.1"
    yallist "^2.0.0"

minimatch@^3.0.2, minimatch@~3.0.2:
  version "3.0.3"
  resolved "https://registry.yarnpkg.com/minimatch/-/minimatch-3.0.3.tgz#2a4e4090b96b2db06a9d7df01055a62a77c9b774"
  dependencies:
    brace-expansion "^1.0.0"

minimist@0.0.8:
  version "0.0.8"
  resolved "https://registry.yarnpkg.com/minimist/-/minimist-0.0.8.tgz#857fcabfc3397d2625b8228262e86aa7a011b05d"

mkdirp@0.5.1, mkdirp@^0.5.1:
  version "0.5.1"
  resolved "https://registry.yarnpkg.com/mkdirp/-/mkdirp-0.5.1.tgz#30057438eac6cf7f8c4767f38648d6697d75c903"
  dependencies:
    minimist "0.0.8"

ms@0.7.1:
  version "0.7.1"
  resolved "https://registry.yarnpkg.com/ms/-/ms-0.7.1.tgz#9cd13c03adbff25b65effde7ce864ee952017098"

ms@0.7.2:
  version "0.7.2"
  resolved "https://registry.yarnpkg.com/ms/-/ms-0.7.2.tgz#ae25cf2512b3885a1d95d7f037868d8431124765"

nan@2.2.1:
  version "2.2.1"
  resolved "https://registry.yarnpkg.com/nan/-/nan-2.2.1.tgz#d68693f6b34bb41d66bc68b3a4f9defc79d7149b"

node-fetch@1.6.3:
  version "1.6.3"
  resolved "https://registry.yarnpkg.com/node-fetch/-/node-fetch-1.6.3.tgz#dc234edd6489982d58e8f0db4f695029abcd8c04"
  dependencies:
    encoding "^0.1.11"
    is-stream "^1.0.1"

node-pty@0.6.0:
  version "0.6.0"
  resolved "https://registry.yarnpkg.com/node-pty/-/node-pty-0.6.0.tgz#6bb7e58e871b903773595e9ca393c07d077b1ca5"
  dependencies:
    extend "~1.2.1"
    nan "2.2.1"

npm-run-path@^1.0.0:
  version "1.0.0"
  resolved "https://registry.yarnpkg.com/npm-run-path/-/npm-run-path-1.0.0.tgz#f5c32bf595fe81ae927daec52e82f8b000ac3c8f"
  dependencies:
    path-key "^1.0.0"

object-assign@^4.0.1:
  version "4.1.0"
  resolved "https://registry.yarnpkg.com/object-assign/-/object-assign-4.1.0.tgz#7a3b3d0e98063d43f4c03f2e8ae6cd51a86883a0"

once@^1.3.0:
  version "1.4.0"
  resolved "https://registry.yarnpkg.com/once/-/once-1.4.0.tgz#583b1aa775961d4b113ac17d9c50baef9dd76bd1"
  dependencies:
    wrappy "1"

path-exists@^2.0.0:
  version "2.1.0"
  resolved "https://registry.yarnpkg.com/path-exists/-/path-exists-2.1.0.tgz#0feb6c64f0fc518d9a754dd5efb62c7022761f4b"
  dependencies:
    pinkie-promise "^2.0.0"

path-is-absolute@^1.0.0:
  version "1.0.1"
  resolved "https://registry.yarnpkg.com/path-is-absolute/-/path-is-absolute-1.0.1.tgz#174b9268735534ffbc7ace6bf53a5a9e1b5c5f5f"

path-key@^1.0.0:
  version "1.0.0"
  resolved "https://registry.yarnpkg.com/path-key/-/path-key-1.0.0.tgz#5d53d578019646c0d68800db4e146e6bdc2ac7af"

pinkie-promise@^2.0.0:
  version "2.0.1"
  resolved "https://registry.yarnpkg.com/pinkie-promise/-/pinkie-promise-2.0.1.tgz#2135d6dfa7a358c069ac9b178776288228450ffa"
  dependencies:
    pinkie "^2.0.0"

pinkie@^2.0.0:
  version "2.0.4"
  resolved "https://registry.yarnpkg.com/pinkie/-/pinkie-2.0.4.tgz#72556b80cfa0d48a974e80e77248e80ed4f7f870"

pkg-up@^1.0.0:
  version "1.0.0"
  resolved "https://registry.yarnpkg.com/pkg-up/-/pkg-up-1.0.0.tgz#3e08fb461525c4421624a33b9f7e6d0af5b05a26"
  dependencies:
    find-up "^1.0.0"

pseudomap@^1.0.1:
  version "1.0.2"
  resolved "https://registry.yarnpkg.com/pseudomap/-/pseudomap-1.0.2.tgz#f052a28da70e618917ef0a8ac34c1ae5a68286b3"

semver@5.3.0, semver@^5.2.0:
  version "5.3.0"
  resolved "https://registry.yarnpkg.com/semver/-/semver-5.3.0.tgz#9b2ce5d3de02d17c6012ad326aa6b4d0cf54f94f"

shell-env@0.2.0:
  version "0.2.0"
  resolved "https://registry.yarnpkg.com/shell-env/-/shell-env-0.2.0.tgz#a84f6ea132e95587df85ed76a4dbfb8d07ac464f"
  dependencies:
    default-shell "^1.0.0"
    execa "^0.4.0"
    strip-ansi "^3.0.0"

strip-ansi@^3.0.0:
  version "3.0.1"
  resolved "https://registry.yarnpkg.com/strip-ansi/-/strip-ansi-3.0.1.tgz#6a385fb8853d952d5ff05d0e8aaf94278dc63dcf"
  dependencies:
    ansi-regex "^2.0.0"

strip-eof@^1.0.0:
  version "1.0.0"
  resolved "https://registry.yarnpkg.com/strip-eof/-/strip-eof-1.0.0.tgz#bb43ff5598a6eb05d89b59fcd129c983313606bf"

uuid@3.0.0:
  version "3.0.0"
  resolved "https://registry.yarnpkg.com/uuid/-/uuid-3.0.0.tgz#6728fc0459c450d796a99c31837569bdf672d728"

which@^1.2.8:
  version "1.2.12"
  resolved "https://registry.yarnpkg.com/which/-/which-1.2.12.tgz#de67b5e450269f194909ef23ece4ebe416fa1192"
  dependencies:
    isexe "^1.1.1"

winreg@1.2.2:
  version "1.2.2"
  resolved "https://registry.yarnpkg.com/winreg/-/winreg-1.2.2.tgz#8509afa3b71c5bbd110a6d7c6247ec67736c598f"

wrappy@1:
  version "1.0.2"
  resolved "https://registry.yarnpkg.com/wrappy/-/wrappy-1.0.2.tgz#b5243d8f3ec1aa35f1364605bc0d1036e30ab69f"

yallist@^2.0.0:
  version "2.0.0"
  resolved "https://registry.yarnpkg.com/yallist/-/yallist-2.0.0.tgz#306c543835f09ee1a4cb23b7bce9ab341c91cdd4"
